<?xml version="1.0" encoding="utf-8"?>
<Project ToolsVersion="4.0" xmlns="http://schemas.microsoft.com/developer/msbuild/2003">
  <ItemGroup>
    <ClInclude Include="ldrdefs.h" />
    <ClInclude Include="fmt\chrono.h">
      <Filter>fmt</Filter>
    </ClInclude>
    <ClInclude Include="fmt\color.h">
      <Filter>fmt</Filter>
    </ClInclude>
    <ClInclude Include="fmt\compile.h">
      <Filter>fmt</Filter>
    </ClInclude>
    <ClInclude Include="fmt\core.h">
      <Filter>fmt</Filter>
    </ClInclude>
    <ClInclude Include="fmt\format.h">
      <Filter>fmt</Filter>
    </ClInclude>
    <ClInclude Include="fmt\format-inl.h">
      <Filter>fmt</Filter>
    </ClInclude>
    <ClInclude Include="fmt\posix.h">
      <Filter>fmt</Filter>
    </ClInclude>
    <ClInclude Include="fmt\printf.h">
      <Filter>fmt</Filter>
    </ClInclude>
    <ClInclude Include="fmt\ranges.h">
      <Filter>fmt</Filter>
    </ClInclude>
    <ClInclude Include="fmt\safe-duration-cast.h">
      <Filter>fmt</Filter>
    </ClInclude>
    <ClInclude Include="fmt\ostream.h">
      <Filter>fmt</Filter>
    </ClInclude>
    <ClInclude Include="fmt\locale.h">
      <Filter>fmt</Filter>
    </ClInclude>
    <ClInclude Include="detours.h">
      <Filter>detours</Filter>
    </ClInclude>
    <ClInclude Include="detver.h">
      <Filter>detours</Filter>
    </ClInclude>
    <ClInclude Include="ldrdata.h" />
  </ItemGroup>
  <ItemGroup>
    <ClCompile Include="dllmain.cpp" />
    <ClCompile Include="format.cc">
      <Filter>fmt</Filter>
    </ClCompile>
    <ClCompile Include="posix.cc">
      <Filter>fmt</Filter>
    </ClCompile>
    <ClCompile Include="creatwth.cpp">
      <Filter>detours</Filter>
    </ClCompile>
    <ClCompile Include="detours.cpp">
      <Filter>detours</Filter>
    </ClCompile>
    <ClCompile Include="disasm.cpp">
      <Filter>detours</Filter>
    </ClCompile>
    <ClCompile Include="disolx64.cpp">
      <Filter>detours</Filter>
    </ClCompile>
    <ClCompile Include="disolx86.cpp">
      <Filter>detours</Filter>
    </ClCompile>
    <ClCompile Include="image.cpp">
      <Filter>detours</Filter>
    </ClCompile>
    <ClCompile Include="modules.cpp">
      <Filter>detours</Filter>
    </ClCompile>
  </ItemGroup>
  <ItemGroup>
    <Filter Include="fmt">
      <UniqueIdentifier>{f1fc4ac9-af6c-4bc5-8703-f3f38f9f6df0}</UniqueIdentifier>
    </Filter>
    <Filter Include="detours">
      <UniqueIdentifier>{feb4ef48-fa7f-4826-b6dd-6875702b34fe}</UniqueIdentifier>
    </Filter>
  </ItemGroup>
</Project>